<?xml version="1.0"?>
<CONFIG>
  <ProjectOptions>
    <PathDelim Value="\"/>
    <Version Value="5"/>
    <General>
      <Flags>
        <AlwaysBuild Value="False"/>
      </Flags>
      <SessionStorage Value="InProjectDir"/>
      <MainUnit Value="0"/>
      <IconPath Value="./"/>
      <TargetFileExt Value=".exe"/>
    </General>
    <LazDoc Paths=""/>
    <PublishOptions>
      <Version Value="2"/>
      <IgnoreBinaries Value="False"/>
      <IncludeFileFilter Value="*.(pas|pp|inc|lfm|lpr|lrs|lpi|lpk|sh|xml)"/>
      <ExcludeFileFilter Value="*.(bak|ppu|ppw|o|so);*~;backup"/>
    </PublishOptions>
    <RunParams>
      <local>
        <FormatVersion Value="1"/>
        <CommandLineParams Value="--debug-log=dbglog.txt"/>
        <LaunchingApplication PathPlusParams="/usr/X11R6/bin/xterm -T 'Lazarus Run Output' -e $(LazarusDir)/tools/runwait.sh $(TargetCmdLine)"/>
      </local>
    </RunParams>
    <RequiredPackages Count="2">
      <Item1>
        <PackageName Value="LCL"/>
      </Item1>
      <Item2>
        <PackageName Value="FCL"/>
        <MinVersion Major="1" Valid="True"/>
      </Item2>
    </RequiredPackages>
    <Units Count="7">
      <Unit0>
        <Filename Value="OpSim.lpr"/>
        <IsPartOfProject Value="True"/>
        <UnitName Value="OpSim"/>
      </Unit0>
      <Unit1>
        <Filename Value="UnitopPalletU.pas"/>
        <ComponentName Value="UnitopPallet"/>
        <HasResources Value="True"/>
        <IsPartOfProject Value="True"/>
        <ResourceFilename Value="UnitopPalletU.lrs"/>
        <UnitName Value="UnitopPalletU"/>
      </Unit1>
      <Unit2>
        <Filename Value="AboutU.pas"/>
        <ComponentName Value="AboutForm"/>
        <HasResources Value="True"/>
        <IsPartOfProject Value="True"/>
        <ResourceFilename Value="AboutU.lrs"/>
        <UnitName Value="AboutU"/>
      </Unit2>
      <Unit3>
        <Filename Value="MainU.pas"/>
        <ComponentName Value="Main"/>
        <HasResources Value="True"/>
        <IsPartOfProject Value="True"/>
        <ResourceFilename Value="MainU.lrs"/>
        <UnitName Value="MainU"/>
      </Unit3>
      <Unit4>
        <Filename Value="PfdDesignerU.pas"/>
        <ComponentName Value="PfdDesigner"/>
        <IsPartOfProject Value="True"/>
        <ResourceFilename Value="PfdDesignerU.lrs"/>
        <UnitName Value="PfdDesignerU"/>
      </Unit4>
      <Unit5>
        <Filename Value="DMBaseU.pas"/>
        <ComponentName Value="DMBase"/>
        <IsPartOfProject Value="True"/>
        <ResourceFilename Value="DMBaseU.lrs"/>
        <UnitName Value="DMBaseU"/>
      </Unit5>
      <Unit6>
        <Filename Value="MixerSpecU.pas"/>
        <ComponentName Value="MixerSpec"/>
        <IsPartOfProject Value="True"/>
        <ResourceFilename Value="MixerSpecU.lrs"/>
        <UnitName Value="MixerSpecU"/>
      </Unit6>
    </Units>
  </ProjectOptions>
  <CompilerOptions>
    <Version Value="5"/>
    <PathDelim Value="\"/>
    <Target>
      <Filename Value="..\..\app\OpSim"/>
    </Target>
    <SearchPaths>
      <UnitOutputDirectory Value="..\build"/>
      <SrcPath Value="$(LazarusDir)\lcl\;$(LazarusDir)\lcl\interfaces\$(LCLWidgetType)\"/>
    </SearchPaths>
    <Parsing>
      <SyntaxOptions>
        <DelphiCompat Value="True"/>
      </SyntaxOptions>
    </Parsing>
    <CodeGeneration>
      <Generate Value="Faster"/>
    </CodeGeneration>
    <Linking>
      <Options>
        <Win32>
          <GraphicApplication Value="True"/>
        </Win32>
      </Options>
    </Linking>
    <Other>
      <CompilerPath Value="$(CompPath)"/>
    </Other>
  </CompilerOptions>
</CONFIG>
