<?xml version="1.0"?>
<CONFIG>
  <ProjectOptions>
    <PathDelim Value="\"/>
    <Version Value="5"/>
    <General>
      <MainUnit Value="0"/>
      <IconPath Value="./"/>
      <TargetFileExt Value=".exe"/>
      <ActiveEditorIndexAtStart Value="1"/>
    </General>
    <LazDoc Paths=""/>
    <PublishOptions>
      <Version Value="2"/>
      <DestinationDirectory Value="$(TestDir)\publishedproject\"/>
      <IgnoreBinaries Value="False"/>
      <IncludeFileFilter Value="*.(pas|pp|inc|lfm|lpr|lrs|lpi|lpk|sh|xml)"/>
      <ExcludeFileFilter Value="*.(bak|ppu|ppw|o|so);*~;backup"/>
    </PublishOptions>
    <RunParams>
      <local>
        <FormatVersion Value="1"/>
        <LaunchingApplication PathPlusParams="\usr\X11R6\bin\xterm -T 'Lazarus Run Output' -e $(LazarusDir)\tools\runwait.sh $(TargetCmdLine)"/>
      </local>
    </RunParams>
    <RequiredPackages Count="4">
      <Item1>
        <PackageName Value="zcomponent"/>
      </Item1>
      <Item2>
        <PackageName Value="LCL"/>
      </Item2>
      <Item3>
        <PackageName Value="FPCUnitTestRunner"/>
      </Item3>
      <Item4>
        <PackageName Value="FCL"/>
      </Item4>
    </RequiredPackages>
    <Units Count="8">
      <Unit0>
        <Filename Value="OpSimTest.lpr"/>
        <IsPartOfProject Value="True"/>
        <UnitName Value="OpSimTest"/>
        <UsageCount Value="28"/>
      </Unit0>
      <Unit1>
        <Filename Value="TCompoundsTestCaseU.pas"/>
        <IsPartOfProject Value="True"/>
        <UnitName Value="TCompoundsTestCaseU"/>
        <CursorPos X="1" Y="1"/>
        <TopLine Value="1"/>
        <EditorIndex Value="0"/>
        <UsageCount Value="28"/>
        <Loaded Value="True"/>
      </Unit1>
      <Unit2>
        <Filename Value="TPropertyProviderTestCaseU.pas"/>
        <IsPartOfProject Value="True"/>
        <UnitName Value="TPropertyProviderTestCaseU"/>
        <CursorPos X="1" Y="71"/>
        <TopLine Value="58"/>
        <EditorIndex Value="2"/>
        <UsageCount Value="28"/>
        <Loaded Value="True"/>
      </Unit2>
      <Unit3>
        <Filename Value="..\..\..\..\..\lazarus\components\zeosdbo_rework\src\dbc\ZDbcIntfs.pas"/>
        <UnitName Value="ZDbcIntfs"/>
        <CursorPos X="45" Y="928"/>
        <TopLine Value="922"/>
        <UsageCount Value="14"/>
      </Unit3>
      <Unit4>
        <Filename Value="..\engine\solver\Entities.pas"/>
        <UnitName Value="Entities"/>
        <CursorPos X="1" Y="243"/>
        <TopLine Value="210"/>
        <EditorIndex Value="4"/>
        <UsageCount Value="11"/>
        <Loaded Value="True"/>
      </Unit4>
      <Unit5>
        <Filename Value="..\engine\thermo\Thermo.pas"/>
        <UnitName Value="Thermo"/>
        <CursorPos X="28" Y="32"/>
        <TopLine Value="19"/>
        <EditorIndex Value="3"/>
        <UsageCount Value="11"/>
        <Loaded Value="True"/>
      </Unit5>
      <Unit6>
        <Filename Value="..\engine\thermo\ThermoProvider.pas"/>
        <UnitName Value="ThermoProvider"/>
        <CursorPos X="53" Y="33"/>
        <TopLine Value="20"/>
        <UsageCount Value="10"/>
      </Unit6>
      <Unit7>
        <Filename Value="OpSimTestU.pas"/>
        <IsPartOfProject Value="True"/>
        <UnitName Value="OpSimTestU"/>
        <CursorPos X="55" Y="9"/>
        <TopLine Value="1"/>
        <EditorIndex Value="1"/>
        <UsageCount Value="20"/>
        <Loaded Value="True"/>
      </Unit7>
    </Units>
    <JumpHistory Count="0" HistoryIndex="-1"/>
  </ProjectOptions>
  <CompilerOptions>
    <Version Value="5"/>
    <PathDelim Value="\"/>
    <SearchPaths>
      <OtherUnitFiles Value="..\engine\thermo\;..\engine\solver\;..\engine\unitop\"/>
    </SearchPaths>
    <Parsing>
      <SyntaxOptions>
        <DelphiCompat Value="True"/>
      </SyntaxOptions>
    </Parsing>
    <CodeGeneration>
      <Generate Value="Faster"/>
    </CodeGeneration>
    <Other>
      <CompilerPath Value="$(CompPath)"/>
    </Other>
  </CompilerOptions>
  <Debugging>
    <BreakPoints Count="2">
      <Item1>
        <Source Value="..\..\compnts\diagram\trectbox\RectBox.pas"/>
        <Line Value="290"/>
      </Item1>
      <Item2>
        <Source Value="..\..\compnts\diagram\trectbox\RectBox.pas"/>
        <Line Value="303"/>
      </Item2>
    </BreakPoints>
    <Watches Count="1">
      <Item1>
        <Expression Value="GetWidth"/>
      </Item1>
    </Watches>
    <Exceptions Count="2">
      <Item1>
        <Name Value="ECodetoolError"/>
      </Item1>
      <Item2>
        <Name Value="EFOpenError"/>
      </Item2>
    </Exceptions>
  </Debugging>
</CONFIG>
