<?xml version="1.0"?>
<CONFIG>
  <ProjectOptions>
    <PathDelim Value="/"/>
    <Version Value="5"/>
    <General>
      <SessionStorage Value="InProjectDir"/>
      <MainUnit Value="0"/>
      <IconPath Value="./"/>
      <TargetFileExt Value=""/>
      <Title Value="FlashTest"/>
    </General>
    <PublishOptions>
      <Version Value="2"/>
      <IgnoreBinaries Value="False"/>
      <IncludeFileFilter Value="*.(pas|pp|inc|lfm|lpr|lrs|lpi|lpk|sh|xml)"/>
      <ExcludeFileFilter Value="*.(bak|ppu|ppw|o|so);*~;backup"/>
    </PublishOptions>
    <RunParams>
      <local>
        <FormatVersion Value="1"/>
        <LaunchingApplication PathPlusParams="/usr/X11R6/bin/xterm -T 'Lazarus Run Output' -e $(LazarusDir)/tools/runwait.sh $(TargetCmdLine)"/>
      </local>
    </RunParams>
    <RequiredPackages Count="3">
      <Item1>
        <PackageName Value="zcomponent"/>
      </Item1>
      <Item2>
        <PackageName Value="LCL"/>
      </Item2>
      <Item3>
        <PackageName Value="FCL"/>
        <MinVersion Major="1" Valid="True"/>
      </Item3>
    </RequiredPackages>
    <Units Count="9">
      <Unit0>
        <Filename Value="flashtest.lpr"/>
        <IsPartOfProject Value="True"/>
        <UnitName Value="flashtest"/>
      </Unit0>
      <Unit1>
        <Filename Value="flashtestmainform.pas"/>
        <ComponentName Value="MainForm"/>
        <IsPartOfProject Value="True"/>
        <ResourceFilename Value="flashtestmainform.lrs"/>
        <UnitName Value="FlashTestMainForm"/>
      </Unit1>
      <Unit2>
        <Filename Value="../../engine/thermo/Eos.pas"/>
        <IsPartOfProject Value="True"/>
        <UnitName Value="Eos"/>
      </Unit2>
      <Unit3>
        <Filename Value="../../engine/thermo/Eos_Srk.pas"/>
        <IsPartOfProject Value="True"/>
        <UnitName Value="Eos_Srk"/>
      </Unit3>
      <Unit4>
        <Filename Value="../../engine/thermo/Equilibrium.pas"/>
        <IsPartOfProject Value="True"/>
        <UnitName Value="Equilibrium"/>
      </Unit4>
      <Unit5>
        <Filename Value="../../engine/thermo/Thermo.pas"/>
        <IsPartOfProject Value="True"/>
        <UnitName Value="Thermo"/>
      </Unit5>
      <Unit6>
        <Filename Value="selectcomponents.pas"/>
        <ComponentName Value="SelectComponentsForm"/>
        <IsPartOfProject Value="True"/>
        <ResourceFilename Value="selectcomponents.lrs"/>
        <UnitName Value="SelectComponents"/>
      </Unit6>
      <Unit7>
        <Filename Value="../../engine/solver/Entities.pas"/>
        <IsPartOfProject Value="True"/>
        <UnitName Value="Entities"/>
      </Unit7>
      <Unit8>
        <Filename Value="actualflash.pas"/>
        <ComponentName Value="FlashForm"/>
        <IsPartOfProject Value="True"/>
        <ResourceFilename Value="actualflash.lrs"/>
        <UnitName Value="ActualFlash"/>
      </Unit8>
    </Units>
  </ProjectOptions>
  <CompilerOptions>
    <Version Value="5"/>
    <Target>
      <Filename Value="../../../app/FlashTest"/>
    </Target>
    <SearchPaths>
      <OtherUnitFiles Value="../../ise/;../../src/;../../src/engine/;../../engine/solver/;../../engine/thermo/"/>
      <UnitOutputDirectory Value="../../build"/>
      <SrcPath Value="$(LazarusDir)/lcl/;$(LazarusDir)/lcl/interfaces/$(LCLWidgetType)/"/>
    </SearchPaths>
    <Parsing>
      <SyntaxOptions>
        <DelphiCompat Value="True"/>
      </SyntaxOptions>
    </Parsing>
    <CodeGeneration>
      <Generate Value="Faster"/>
    </CodeGeneration>
    <Linking>
      <Options>
        <Win32>
          <GraphicApplication Value="True"/>
        </Win32>
      </Options>
    </Linking>
    <Other>
      <CompilerPath Value="$(CompPath)"/>
    </Other>
  </CompilerOptions>
</CONFIG>
